
Microsoft Visual Studio Solution File, Format Version 12.00
# Visual Studio Version 16
VisualStudioVersion = 16.0.29102.190
MinimumVisualStudioVersion = 10.0.40219.1
Project("{FAE04EC0-301F-11D3-BF4B-00C04F79EFBC}") = "GooTrader", "GooTrader\GooTrader.csproj", "{12126A21-20EE-491B-9972-9281B905451C}"
EndProject
Global
	GlobalSection(SolutionConfigurationPlatforms) = preSolution
		Debug|Any CPU = Debug|Any CPU
		Release|Any CPU = Release|Any CPU
	EndGlobalSection
	GlobalSection(ProjectConfigurationPlatforms) = postSolution
		{12126A21-20EE-491B-9972-9281B905451C}.Debug|Any CPU.ActiveCfg = Debug|Any CPU
		{12126A21-20EE-491B-9972-9281B905451C}.Debug|Any CPU.Build.0 = Debug|Any CPU
		{12126A21-20EE-491B-9972-9281B905451C}.Release|Any CPU.ActiveCfg = Release|Any CPU
		{12126A21-20EE-491B-9972-9281B905451C}.Release|Any CPU.Build.0 = Release|Any CPU
	EndGlobalSection
	GlobalSection(SolutionProperties) = preSolution
		HideSolutionNode = FALSE
	EndGlobalSection
	GlobalSection(ExtensibilityGlobals) = postSolution
		SolutionGuid = {B6AA0305-5C03-424F-BF5F-9256DE710F1B}
	EndGlobalSection
EndGlobal
